// !$*UTF8*$!
{
	archiveVersion = 1;
	classes = {
	};
	objectVersion = 46;
	objects = {

/* Begin PBXBuildFile section */
		772B7E8E1A236C1600218BD1 /* Transition.swift in Sources */ = {isa = PBXBuildFile; fileRef = 772B7E8D1A236C1600218BD1 /* Transition.swift */; };
		772B7E901A236C5C00218BD1 /* TransitionManager.swift in Sources */ = {isa = PBXBuildFile; fileRef = 772B7E8F1A236C5C00218BD1 /* TransitionManager.swift */; };
		9F12979419F6A5FB00420D73 /* DetailViewController.swift in Sources */ = {isa = PBXBuildFile; fileRef = 9F12979319F6A5FB00420D73 /* DetailViewController.swift */; };
		9F17514419F5710A0055DDD3 /* AppDelegate.swift in Sources */ = {isa = PBXBuildFile; fileRef = 9F17514319F5710A0055DDD3 /* AppDelegate.swift */; };
		9F17514619F5710A0055DDD3 /* ViewController.swift in Sources */ = {isa = PBXBuildFile; fileRef = 9F17514519F5710A0055DDD3 /* ViewController.swift */; };
		9F17514919F5710A0055DDD3 /* Main.storyboard in Resources */ = {isa = PBXBuildFile; fileRef = 9F17514719F5710A0055DDD3 /* Main.storyboard */; };
		9F17514B19F5710A0055DDD3 /* Images.xcassets in Resources */ = {isa = PBXBuildFile; fileRef = 9F17514A19F5710A0055DDD3 /* Images.xcassets */; };
		9F17514E19F5710A0055DDD3 /* LaunchScreen.xib in Resources */ = {isa = PBXBuildFile; fileRef = 9F17514C19F5710A0055DDD3 /* LaunchScreen.xib */; };
		9F17515A19F5710A0055DDD3 /* iweatherTests.swift in Sources */ = {isa = PBXBuildFile; fileRef = 9F17515919F5710A0055DDD3 /* iweatherTests.swift */; };
		9F17516419F575AC0055DDD3 /* Weather.swift in Sources */ = {isa = PBXBuildFile; fileRef = 9F17516319F575AC0055DDD3 /* Weather.swift */; };
		9F17516619F5775C0055DDD3 /* WeatherService.swift in Sources */ = {isa = PBXBuildFile; fileRef = 9F17516519F5775C0055DDD3 /* WeatherService.swift */; };
/* End PBXBuildFile section */

/* Begin PBXContainerItemProxy section */
		9F17515419F5710A0055DDD3 /* PBXContainerItemProxy */ = {
			isa = PBXContainerItemProxy;
			containerPortal = 9F17513619F5710A0055DDD3 /* Project object */;
			proxyType = 1;
			remoteGlobalIDString = 9F17513D19F5710A0055DDD3;
			remoteInfo = iweather;
		};
/* End PBXContainerItemProxy section */

/* Begin PBXFileReference section */
		772B7E8D1A236C1600218BD1 /* Transition.swift */ = {isa = PBXFileReference; fileEncoding = 4; lastKnownFileType = sourcecode.swift; path = Transition.swift; sourceTree = "<group>"; };
		772B7E8F1A236C5C00218BD1 /* TransitionManager.swift */ = {isa = PBXFileReference; fileEncoding = 4; lastKnownFileType = sourcecode.swift; name = TransitionManager.swift; path = ../TransitionManager.swift; sourceTree = "<group>"; };
		9F12979319F6A5FB00420D73 /* DetailViewController.swift */ = {isa = PBXFileReference; fileEncoding = 4; lastKnownFileType = sourcecode.swift; path = DetailViewController.swift; sourceTree = "<group>"; };
		9F17513E19F5710A0055DDD3 /* iweather.app */ = {isa = PBXFileReference; explicitFileType = wrapper.application; includeInIndex = 0; path = iweather.app; sourceTree = BUILT_PRODUCTS_DIR; };
		9F17514219F5710A0055DDD3 /* Info.plist */ = {isa = PBXFileReference; lastKnownFileType = text.plist.xml; path = Info.plist; sourceTree = "<group>"; };
		9F17514319F5710A0055DDD3 /* AppDelegate.swift */ = {isa = PBXFileReference; lastKnownFileType = sourcecode.swift; path = AppDelegate.swift; sourceTree = "<group>"; };
		9F17514519F5710A0055DDD3 /* ViewController.swift */ = {isa = PBXFileReference; lastKnownFileType = sourcecode.swift; path = ViewController.swift; sourceTree = "<group>"; };
		9F17514819F5710A0055DDD3 /* Base */ = {isa = PBXFileReference; lastKnownFileType = file.storyboard; name = Base; path = Base.lproj/Main.storyboard; sourceTree = "<group>"; };
		9F17514A19F5710A0055DDD3 /* Images.xcassets */ = {isa = PBXFileReference; lastKnownFileType = folder.assetcatalog; path = Images.xcassets; sourceTree = "<group>"; };
		9F17514D19F5710A0055DDD3 /* Base */ = {isa = PBXFileReference; lastKnownFileType = file.xib; name = Base; path = Base.lproj/LaunchScreen.xib; sourceTree = "<group>"; };
		9F17515319F5710A0055DDD3 /* iweatherTests.xctest */ = {isa = PBXFileReference; explicitFileType = wrapper.cfbundle; includeInIndex = 0; path = iweatherTests.xctest; sourceTree = BUILT_PRODUCTS_DIR; };
		9F17515819F5710A0055DDD3 /* Info.plist */ = {isa = PBXFileReference; lastKnownFileType = text.plist.xml; path = Info.plist; sourceTree = "<group>"; };
		9F17515919F5710A0055DDD3 /* iweatherTests.swift */ = {isa = PBXFileReference; lastKnownFileType = sourcecode.swift; path = iweatherTests.swift; sourceTree = "<group>"; };
		9F17516319F575AC0055DDD3 /* Weather.swift */ = {isa = PBXFileReference; fileEncoding = 4; lastKnownFileType = sourcecode.swift; path = Weather.swift; sourceTree = "<group>"; };
		9F17516519F5775C0055DDD3 /* WeatherService.swift */ = {isa = PBXFileReference; fileEncoding = 4; lastKnownFileType = sourcecode.swift; path = WeatherService.swift; sourceTree = "<group>"; };
/* End PBXFileReference section */

/* Begin PBXFrameworksBuildPhase section */
		9F17513B19F5710A0055DDD3 /* Frameworks */ = {
			isa = PBXFrameworksBuildPhase;
			buildActionMask = 2147483647;
			files = (
			);
			runOnlyForDeploymentPostprocessing = 0;
		};
		9F17515019F5710A0055DDD3 /* Frameworks */ = {
			isa = PBXFrameworksBuildPhase;
			buildActionMask = 2147483647;
			files = (
			);
			runOnlyForDeploymentPostprocessing = 0;
		};
/* End PBXFrameworksBuildPhase section */

/* Begin PBXGroup section */
		9F17513519F5710A0055DDD3 = {
			isa = PBXGroup;
			children = (
				9F17514019F5710A0055DDD3 /* iweather */,
				9F17515619F5710A0055DDD3 /* iweatherTests */,
				9F17513F19F5710A0055DDD3 /* Products */,
			);
			sourceTree = "<group>";
		};
		9F17513F19F5710A0055DDD3 /* Products */ = {
			isa = PBXGroup;
			children = (
				9F17513E19F5710A0055DDD3 /* iweather.app */,
				9F17515319F5710A0055DDD3 /* iweatherTests.xctest */,
			);
			name = Products;
			sourceTree = "<group>";
		};
		9F17514019F5710A0055DDD3 /* iweather */ = {
			isa = PBXGroup;
			children = (
				9F17514319F5710A0055DDD3 /* AppDelegate.swift */,
				9F17514519F5710A0055DDD3 /* ViewController.swift */,
				9F17514719F5710A0055DDD3 /* Main.storyboard */,
				9F17514A19F5710A0055DDD3 /* Images.xcassets */,
				9F17514C19F5710A0055DDD3 /* LaunchScreen.xib */,
				9F17514119F5710A0055DDD3 /* Supporting Files */,
				9F17516319F575AC0055DDD3 /* Weather.swift */,
				9F17516519F5775C0055DDD3 /* WeatherService.swift */,
				9F12979319F6A5FB00420D73 /* DetailViewController.swift */,
				772B7E8F1A236C5C00218BD1 /* TransitionManager.swift */,
				772B7E8D1A236C1600218BD1 /* Transition.swift */,
			);
			path = iweather;
			sourceTree = "<group>";
		};
		9F17514119F5710A0055DDD3 /* Supporting Files */ = {
			isa = PBXGroup;
			children = (
				9F17514219F5710A0055DDD3 /* Info.plist */,
			);
			name = "Supporting Files";
			sourceTree = "<group>";
		};
		9F17515619F5710A0055DDD3 /* iweatherTests */ = {
			isa = PBXGroup;
			children = (
				9F17515919F5710A0055DDD3 /* iweatherTests.swift */,
				9F17515719F5710A0055DDD3 /* Supporting Files */,
			);
			path = iweatherTests;
			sourceTree = "<group>";
		};
		9F17515719F5710A0055DDD3 /* Supporting Files */ = {
			isa = PBXGroup;
			children = (
				9F17515819F5710A0055DDD3 /* Info.plist */,
			);
			name = "Supporting Files";
			sourceTree = "<group>";
		};
/* End PBXGroup section */

/* Begin PBXNativeTarget section */
		9F17513D19F5710A0055DDD3 /* iweather */ = {
			isa = PBXNativeTarget;
			buildConfigurationList = 9F17515D19F5710A0055DDD3 /* Build configuration list for PBXNativeTarget "iweather" */;
			buildPhases = (
				9F17513A19F5710A0055DDD3 /* Sources */,
				9F17513B19F5710A0055DDD3 /* Frameworks */,
				9F17513C19F5710A0055DDD3 /* Resources */,
			);
			buildRules = (
			);
			dependencies = (
			);
			name = iweather;
			productName = iweather;
			productReference = 9F17513E19F5710A0055DDD3 /* iweather.app */;
			productType = "com.apple.product-type.application";
		};
		9F17515219F5710A0055DDD3 /* iweatherTests */ = {
			isa = PBXNativeTarget;
			buildConfigurationList = 9F17516019F5710A0055DDD3 /* Build configuration list for PBXNativeTarget "iweatherTests" */;
			buildPhases = (
				9F17514F19F5710A0055DDD3 /* Sources */,
				9F17515019F5710A0055DDD3 /* Frameworks */,
				9F17515119F5710A0055DDD3 /* Resources */,
			);
			buildRules = (
			);
			dependencies = (
				9F17515519F5710A0055DDD3 /* PBXTargetDependency */,
			);
			name = iweatherTests;
			productName = iweatherTests;
			productReference = 9F17515319F5710A0055DDD3 /* iweatherTests.xctest */;
			productType = "com.apple.product-type.bundle.unit-test";
		};
/* End PBXNativeTarget section */

/* Begin PBXProject section */
		9F17513619F5710A0055DDD3 /* Project object */ = {
			isa = PBXProject;
			attributes = {
				LastUpgradeCheck = 0600;
				ORGANIZATIONNAME = Mesan;
				TargetAttributes = {
					9F17513D19F5710A0055DDD3 = {
						CreatedOnToolsVersion = 6.0.1;
					};
					9F17515219F5710A0055DDD3 = {
						CreatedOnToolsVersion = 6.0.1;
						TestTargetID = 9F17513D19F5710A0055DDD3;
					};
				};
			};
			buildConfigurationList = 9F17513919F5710A0055DDD3 /* Build configuration list for PBXProject "iweather" */;
			compatibilityVersion = "Xcode 3.2";
			developmentRegion = English;
			hasScannedForEncodings = 0;
			knownRegions = (
				en,
				Base,
			);
			mainGroup = 9F17513519F5710A0055DDD3;
			productRefGroup = 9F17513F19F5710A0055DDD3 /* Products */;
			projectDirPath = "";
			projectRoot = "";
			targets = (
				9F17513D19F5710A0055DDD3 /* iweather */,
				9F17515219F5710A0055DDD3 /* iweatherTests */,
			);
		};
/* End PBXProject section */

/* Begin PBXResourcesBuildPhase section */
		9F17513C19F5710A0055DDD3 /* Resources */ = {
			isa = PBXResourcesBuildPhase;
			buildActionMask = 2147483647;
			files = (
				9F17514919F5710A0055DDD3 /* Main.storyboard in Resources */,
				9F17514E19F5710A0055DDD3 /* LaunchScreen.xib in Resources */,
				9F17514B19F5710A0055DDD3 /* Images.xcassets in Resources */,
			);
			runOnlyForDeploymentPostprocessing = 0;
		};
		9F17515119F5710A0055DDD3 /* Resources */ = {
			isa = PBXResourcesBuildPhase;
			buildActionMask = 2147483647;
			files = (
			);
			runOnlyForDeploymentPostprocessing = 0;
		};
/* End PBXResourcesBuildPhase section */

/* Begin PBXSourcesBuildPhase section */
		9F17513A19F5710A0055DDD3 /* Sources */ = {
			isa = PBXSourcesBuildPhase;
			buildActionMask = 2147483647;
			files = (
				772B7E8E1A236C1600218BD1 /* Transition.swift in Sources */,
				9F17516619F5775C0055DDD3 /* WeatherService.swift in Sources */,
				772B7E901A236C5C00218BD1 /* TransitionManager.swift in Sources */,
				9F17514619F5710A0055DDD3 /* ViewController.swift in Sources */,
				9F12979419F6A5FB00420D73 /* DetailViewController.swift in Sources */,
				9F17516419F575AC0055DDD3 /* Weather.swift in Sources */,
				9F17514419F5710A0055DDD3 /* AppDelegate.swift in Sources */,
			);
			runOnlyForDeploymentPostprocessing = 0;
		};
		9F17514F19F5710A0055DDD3 /* Sources */ = {
			isa = PBXSourcesBuildPhase;
			buildActionMask = 2147483647;
			files = (
				9F17515A19F5710A0055DDD3 /* iweatherTests.swift in Sources */,
			);
			runOnlyForDeploymentPostprocessing = 0;
		};
/* End PBXSourcesBuildPhase section */

/* Begin PBXTargetDependency section */
		9F17515519F5710A0055DDD3 /* PBXTargetDependency */ = {
			isa = PBXTargetDependency;
			target = 9F17513D19F5710A0055DDD3 /* iweather */;
			targetProxy = 9F17515419F5710A0055DDD3 /* PBXContainerItemProxy */;
		};
/* End PBXTargetDependency section */

/* Begin PBXVariantGroup section */
		9F17514719F5710A0055DDD3 /* Main.storyboard */ = {
			isa = PBXVariantGroup;
			children = (
				9F17514819F5710A0055DDD3 /* Base */,
			);
			name = Main.storyboard;
			sourceTree = "<group>";
		};
		9F17514C19F5710A0055DDD3 /* LaunchScreen.xib */ = {
			isa = PBXVariantGroup;
			children = (
				9F17514D19F5710A0055DDD3 /* Base */,
			);
			name = LaunchScreen.xib;
			sourceTree = "<group>";
		};
/* End PBXVariantGroup section */

/* Begin XCBuildConfiguration section */
		9F17515B19F5710A0055DDD3 /* Debug */ = {
			isa = XCBuildConfiguration;
			buildSettings = {
				ALWAYS_SEARCH_USER_PATHS = NO;
				CLANG_CXX_LANGUAGE_STANDARD = "gnu++0x";
				CLANG_CXX_LIBRARY = "libc++";
				CLANG_ENABLE_MODULES = YES;
				CLANG_ENABLE_OBJC_ARC = YES;
				CLANG_WARN_BOOL_CONVERSION = YES;
				CLANG_WARN_CONSTANT_CONVERSION = YES;
				CLANG_WARN_DIRECT_OBJC_ISA_USAGE = YES_ERROR;
				CLANG_WARN_EMPTY_BODY = YES;
				CLANG_WARN_ENUM_CONVERSION = YES;
				CLANG_WARN_INT_CONVERSION = YES;
				CLANG_WARN_OBJC_ROOT_CLASS = YES_ERROR;
				CLANG_WARN_UNREACHABLE_CODE = YES;
				CLANG_WARN__DUPLICATE_METHOD_MATCH = YES;
				"CODE_SIGN_IDENTITY[sdk=iphoneos*]" = "iPhone Developer";
				COPY_PHASE_STRIP = NO;
				ENABLE_STRICT_OBJC_MSGSEND = YES;
				GCC_C_LANGUAGE_STANDARD = gnu99;
				GCC_DYNAMIC_NO_PIC = NO;
				GCC_OPTIMIZATION_LEVEL = 0;
				GCC_PREPROCESSOR_DEFINITIONS = (
					"DEBUG=1",
					"$(inherited)",
				);
				GCC_SYMBOLS_PRIVATE_EXTERN = NO;
				GCC_WARN_64_TO_32_BIT_CONVERSION = YES;
				GCC_WARN_ABOUT_RETURN_TYPE = YES_ERROR;
				GCC_WARN_UNDECLARED_SELECTOR = YES;
				GCC_WARN_UNINITIALIZED_AUTOS = YES_AGGRESSIVE;
				GCC_WARN_UNUSED_FUNCTION = YES;
				GCC_WARN_UNUSED_VARIABLE = YES;
				IPHONEOS_DEPLOYMENT_TARGET = 8.0;
				MTL_ENABLE_DEBUG_INFO = YES;
				ONLY_ACTIVE_ARCH = YES;
				SDKROOT = iphoneos;
				SWIFT_OPTIMIZATION_LEVEL = "-Onone";
				TARGETED_DEVICE_FAMILY = "1,2";
			};
			name = Debug;
		};
		9F17515C19F5710A0055DDD3 /* Release */ = {
			isa = XCBuildConfiguration;
			buildSettings = {
				ALWAYS_SEARCH_USER_PATHS = NO;
				CLANG_CXX_LANGUAGE_STANDARD = "gnu++0x";
				CLANG_CXX_LIBRARY = "libc++";
				CLANG_ENABLE_MODULES = YES;
				CLANG_ENABLE_OBJC_ARC = YES;
				CLANG_WARN_BOOL_CONVERSION = YES;
				CLANG_WARN_CONSTANT_CONVERSION = YES;
				CLANG_WARN_DIRECT_OBJC_ISA_USAGE = YES_ERROR;
				CLANG_WARN_EMPTY_BODY = YES;
				CLANG_WARN_ENUM_CONVERSION = YES;
				CLANG_WARN_INT_CONVERSION = YES;
				CLANG_WARN_OBJC_ROOT_CLASS = YES_ERROR;
				CLANG_WARN_UNREACHABLE_CODE = YES;
				CLANG_WARN__DUPLICATE_METHOD_MATCH = YES;
				"CODE_SIGN_IDENTITY[sdk=iphoneos*]" = "iPhone Developer";
				COPY_PHASE_STRIP = YES;
				ENABLE_NS_ASSERTIONS = NO;
				ENABLE_STRICT_OBJC_MSGSEND = YES;
				GCC_C_LANGUAGE_STANDARD = gnu99;
				GCC_WARN_64_TO_32_BIT_CONVERSION = YES;
				GCC_WARN_ABOUT_RETURN_TYPE = YES_ERROR;
				GCC_WARN_UNDECLARED_SELECTOR = YES;
				GCC_WARN_UNINITIALIZED_AUTOS = YES_AGGRESSIVE;
				GCC_WARN_UNUSED_FUNCTION = YES;
				GCC_WARN_UNUSED_VARIABLE = YES;
				IPHONEOS_DEPLOYMENT_TARGET = 8.0;
				MTL_ENABLE_DEBUG_INFO = NO;
				SDKROOT = iphoneos;
				TARGETED_DEVICE_FAMILY = "1,2";
				VALIDATE_PRODUCT = YES;
			};
			name = Release;
		};
		9F17515E19F5710A0055DDD3 /* Debug */ = {
			isa = XCBuildConfiguration;
			buildSettings = {
				ASSETCATALOG_COMPILER_APPICON_NAME = AppIcon;
				INFOPLIST_FILE = iweather/Info.plist;
				LD_RUNPATH_SEARCH_PATHS = "$(inherited) @executable_path/Frameworks";
				PRODUCT_NAME = "$(TARGET_NAME)";
				TARGETED_DEVICE_FAMILY = 1;
			};
			name = Debug;
		};
		9F17515F19F5710A0055DDD3 /* Release */ = {
			isa = XCBuildConfiguration;
			buildSettings = {
				ASSETCATALOG_COMPILER_APPICON_NAME = AppIcon;
				INFOPLIST_FILE = iweather/Info.plist;
				LD_RUNPATH_SEARCH_PATHS = "$(inherited) @executable_path/Frameworks";
				PRODUCT_NAME = "$(TARGET_NAME)";
				TARGETED_DEVICE_FAMILY = 1;
			};
			name = Release;
		};
		9F17516119F5710A0055DDD3 /* Debug */ = {
			isa = XCBuildConfiguration;
			buildSettings = {
				BUNDLE_LOADER = "$(TEST_HOST)";
				FRAMEWORK_SEARCH_PATHS = (
					"$(SDKROOT)/Developer/Library/Frameworks",
					"$(inherited)",
				);
				GCC_PREPROCESSOR_DEFINITIONS = (
					"DEBUG=1",
					"$(inherited)",
				);
				INFOPLIST_FILE = iweatherTests/Info.plist;
				LD_RUNPATH_SEARCH_PATHS = "$(inherited) @executable_path/Frameworks @loader_path/Frameworks";
				PRODUCT_NAME = "$(TARGET_NAME)";
				TEST_HOST = "$(BUILT_PRODUCTS_DIR)/iweather.app/iweather";
			};
			name = Debug;
		};
		9F17516219F5710A0055DDD3 /* Release */ = {
			isa = XCBuildConfiguration;
			buildSettings = {
				BUNDLE_LOADER = "$(TEST_HOST)";
				FRAMEWORK_SEARCH_PATHS = (
					"$(SDKROOT)/Developer/Library/Frameworks",
					"$(inherited)",
				);
				INFOPLIST_FILE = iweatherTests/Info.plist;
				LD_RUNPATH_SEARCH_PATHS = "$(inherited) @executable_path/Frameworks @loader_path/Frameworks";
				PRODUCT_NAME = "$(TARGET_NAME)";
				TEST_HOST = "$(BUILT_PRODUCTS_DIR)/iweather.app/iweather";
			};
			name = Release;
		};
/* End XCBuildConfiguration section */

/* Begin XCConfigurationList section */
		9F17513919F5710A0055DDD3 /* Build configuration list for PBXProject "iweather" */ = {
			isa = XCConfigurationList;
			buildConfigurations = (
				9F17515B19F5710A0055DDD3 /* Debug */,
				9F17515C19F5710A0055DDD3 /* Release */,
			);
			defaultConfigurationIsVisible = 0;
			defaultConfigurationName = Release;
		};
		9F17515D19F5710A0055DDD3 /* Build configuration list for PBXNativeTarget "iweather" */ = {
			isa = XCConfigurationList;
			buildConfigurations = (
				9F17515E19F5710A0055DDD3 /* Debug */,
				9F17515F19F5710A0055DDD3 /* Release */,
			);
			defaultConfigurationIsVisible = 0;
			defaultConfigurationName = Release;
		};
		9F17516019F5710A0055DDD3 /* Build configuration list for PBXNativeTarget "iweatherTests" */ = {
			isa = XCConfigurationList;
			buildConfigurations = (
				9F17516119F5710A0055DDD3 /* Debug */,
				9F17516219F5710A0055DDD3 /* Release */,
			);
			defaultConfigurationIsVisible = 0;
			defaultConfigurationName = Release;
		};
/* End XCConfigurationList section */
	};
	rootObject = 9F17513619F5710A0055DDD3 /* Project object */;
}
